schema_version: 4
gate: CONTROL-009
status: ACTIVE
approval_ref: APPROVAL-CONTROL-009-20260914
authorized_by: GAJ
authorized_at: 2026-09-14
base_sha: 531a974b013a0398d9d7b3fd3213af6796755e0d
scope:
  allow:
    - scripts/validate-control-plane.mjs
    - tests/control-plane/control-plane-negative.test.mjs
  prohibit:
    - product changes
    - gh-pages changes
    - main changes
    - production changes
    - deployment changes
    - DNS or GoDaddy changes
stop_condition: make only CONTROL-SCOPE-006 conditional as authorized, add the required negative fixtures, run the validator, push only if it passes, restore YIELD-001 with its product lock, and stop without beginning yield work
