schema_version: 4
gate: YIELD-001
status: ACTIVE
approval_ref: APPROVAL-YIELD-001-20260914
authorized_by: GAJ
authorized_at: 2026-09-14
base_sha: 8f56021339522a1aee8b215047fe5e47e0388ded
scope:
  allow:
    - index.html
    - assets/app.js
    - assets/site.css
    - assets/decision-workbench.js
    - assets/decision-workbench.css
    - tests/browser-smoke.mjs
    - tests/visual-contract.mjs
  prohibit:
    - yield model equation changes
    - yield training data changes
    - yield data changes
    - yield validation gate changes
    - non-presentation product changes
    - map changes
    - gh-pages changes
    - main changes
    - production changes
    - deployment changes
    - DNS or GoDaddy changes
stop_condition: implement and test only the approved YIELD-001 presentation hierarchy, inspect the rendered result at desktop tablet and phone widths, report the exact candidate SHA and evidence, and stop without deployment or self-classification
